{
  "name": "ci4-pkl",
  "version": "1.1.2",
  "lockfileVersion": 3,
  "requires": true,
  "packages": {
    "": {
      "name": "ci4-pkl",
      "version": "1.1.2",
      "license": "ISC",
      "dependencies": {
        "ci4-pkl": "^1.1.4"
      }
    },
    "node_modules/ci4-pkl": {
      "version": "1.1.4",
      "resolved": "https://registry.npmjs.org/ci4-pkl/-/ci4-pkl-1.1.4.tgz",
      "integrity": "sha512-3cJOYHqMrY6uD/X4oN2eyCOKoJIq6xO2R0r+tEl/QH6HPuxrIBzewdAogGZlkMCKdvGPvlkF5N2fXaV1OI1hOg=="
    }
  }
}
